
Microsoft Visual Studio Solution File, Format Version 12.00
# Visual Studio Version 17
VisualStudioVersion = 17.0.32014.148
MinimumVisualStudioVersion = 10.0.40219.1
Project("{2150E333-8FDC-42A3-9474-1A3956D46DE8}") = "1. Presentation", "1. Presentation", "{E7FF8561-03F8-48FF-954A-E0A64242097F}"
EndProject
Project("{2150E333-8FDC-42A3-9474-1A3956D46DE8}") = "2. Application", "2. Application", "{79A557AA-EC31-47FE-B06F-5AC1A70316E0}"
EndProject
Project("{2150E333-8FDC-42A3-9474-1A3956D46DE8}") = "3. Domain", "3. Domain", "{231B6D23-1E3B-4815-BD98-72D2727D7275}"
EndProject
Project("{2150E333-8FDC-42A3-9474-1A3956D46DE8}") = "4. Infrastructure", "4. Infrastructure", "{C3AECC6D-89AA-4557-9E8F-987D98A6AEBE}"
EndProject
Project("{FAE04EC0-301F-11D3-BF4B-00C04F79EFBC}") = "Candidates.Web", "Candidates.Web\Candidates.Web.csproj", "{C423E220-5F44-45E3-A843-D4DB87BAA435}"
EndProject
Project("{FAE04EC0-301F-11D3-BF4B-00C04F79EFBC}") = "Candidates.Application", "Candidates.Application\Candidates.Application.csproj", "{B9AFF454-AB18-4E4C-96CA-15614E3DC459}"
EndProject
Project("{FAE04EC0-301F-11D3-BF4B-00C04F79EFBC}") = "Candidates.Domain", "Candidates.Domain\Candidates.Domain.csproj", "{3560618F-004F-4F5F-AB45-2DE7CC0C0B9A}"
EndProject
Project("{FAE04EC0-301F-11D3-BF4B-00C04F79EFBC}") = "Candidates.Infrastructure.Data", "Candidates.Infrastructure\Candidates.Infrastructure.Data.csproj", "{3C8F2BDE-B62D-4E00-8883-2BD6FCE81B3B}"
EndProject
Global
	GlobalSection(SolutionConfigurationPlatforms) = preSolution
		Debug|Any CPU = Debug|Any CPU
		Release|Any CPU = Release|Any CPU
	EndGlobalSection
	GlobalSection(ProjectConfigurationPlatforms) = postSolution
		{C423E220-5F44-45E3-A843-D4DB87BAA435}.Debug|Any CPU.ActiveCfg = Debug|Any CPU
		{C423E220-5F44-45E3-A843-D4DB87BAA435}.Debug|Any CPU.Build.0 = Debug|Any CPU
		{C423E220-5F44-45E3-A843-D4DB87BAA435}.Release|Any CPU.ActiveCfg = Release|Any CPU
		{C423E220-5F44-45E3-A843-D4DB87BAA435}.Release|Any CPU.Build.0 = Release|Any CPU
		{B9AFF454-AB18-4E4C-96CA-15614E3DC459}.Debug|Any CPU.ActiveCfg = Debug|Any CPU
		{B9AFF454-AB18-4E4C-96CA-15614E3DC459}.Debug|Any CPU.Build.0 = Debug|Any CPU
		{B9AFF454-AB18-4E4C-96CA-15614E3DC459}.Release|Any CPU.ActiveCfg = Release|Any CPU
		{B9AFF454-AB18-4E4C-96CA-15614E3DC459}.Release|Any CPU.Build.0 = Release|Any CPU
		{3560618F-004F-4F5F-AB45-2DE7CC0C0B9A}.Debug|Any CPU.ActiveCfg = Debug|Any CPU
		{3560618F-004F-4F5F-AB45-2DE7CC0C0B9A}.Debug|Any CPU.Build.0 = Debug|Any CPU
		{3560618F-004F-4F5F-AB45-2DE7CC0C0B9A}.Release|Any CPU.ActiveCfg = Release|Any CPU
		{3560618F-004F-4F5F-AB45-2DE7CC0C0B9A}.Release|Any CPU.Build.0 = Release|Any CPU
		{3C8F2BDE-B62D-4E00-8883-2BD6FCE81B3B}.Debug|Any CPU.ActiveCfg = Debug|Any CPU
		{3C8F2BDE-B62D-4E00-8883-2BD6FCE81B3B}.Debug|Any CPU.Build.0 = Debug|Any CPU
		{3C8F2BDE-B62D-4E00-8883-2BD6FCE81B3B}.Release|Any CPU.ActiveCfg = Release|Any CPU
		{3C8F2BDE-B62D-4E00-8883-2BD6FCE81B3B}.Release|Any CPU.Build.0 = Release|Any CPU
	EndGlobalSection
	GlobalSection(SolutionProperties) = preSolution
		HideSolutionNode = FALSE
	EndGlobalSection
	GlobalSection(NestedProjects) = preSolution
		{C423E220-5F44-45E3-A843-D4DB87BAA435} = {E7FF8561-03F8-48FF-954A-E0A64242097F}
		{B9AFF454-AB18-4E4C-96CA-15614E3DC459} = {79A557AA-EC31-47FE-B06F-5AC1A70316E0}
		{3560618F-004F-4F5F-AB45-2DE7CC0C0B9A} = {231B6D23-1E3B-4815-BD98-72D2727D7275}
		{3C8F2BDE-B62D-4E00-8883-2BD6FCE81B3B} = {C3AECC6D-89AA-4557-9E8F-987D98A6AEBE}
	EndGlobalSection
	GlobalSection(ExtensibilityGlobals) = postSolution
		SolutionGuid = {405860EB-1B23-4562-A4B8-88ED2C4DAC6F}
	EndGlobalSection
EndGlobal
